// !$*UTF8*$!
{
	archiveVersion = 1;
	classes = {
	};
	objectVersion = 46;
	objects = {

/* Begin PBXBuildFile section */
		3C23A7111A2F1EAB00F6F55C /* main.m in Sources */ = {isa = PBXBuildFile; fileRef = 3C23A7101A2F1EAB00F6F55C /* main.m */; };
		3C23A7141A2F1EAB00F6F55C /* AppDelegate.m in Sources */ = {isa = PBXBuildFile; fileRef = 3C23A7131A2F1EAB00F6F55C /* AppDelegate.m */; };
		3C23A7171A2F1EAB00F6F55C /* ViewController.m in Sources */ = {isa = PBXBuildFile; fileRef = 3C23A7161A2F1EAB00F6F55C /* ViewController.m */; };
		3C23A71A1A2F1EAB00F6F55C /* Main.storyboard in Resources */ = {isa = PBXBuildFile; fileRef = 3C23A7181A2F1EAB00F6F55C /* Main.storyboard */; };
		3C23A71C1A2F1EAC00F6F55C /* Images.xcassets in Resources */ = {isa = PBXBuildFile; fileRef = 3C23A71B1A2F1EAC00F6F55C /* Images.xcassets */; };
		3C23A71F1A2F1EAC00F6F55C /* LaunchScreen.xib in Resources */ = {isa = PBXBuildFile; fileRef = 3C23A71D1A2F1EAC00F6F55C /* LaunchScreen.xib */; };
		3C23A72B1A2F1EAC00F6F55C /* CallByReferenceTests.m in Sources */ = {isa = PBXBuildFile; fileRef = 3C23A72A1A2F1EAC00F6F55C /* CallByReferenceTests.m */; };
/* End PBXBuildFile section */

/* Begin PBXContainerItemProxy section */
		3C23A7251A2F1EAC00F6F55C /* PBXContainerItemProxy */ = {
			isa = PBXContainerItemProxy;
			containerPortal = 3C23A7031A2F1EAB00F6F55C /* Project object */;
			proxyType = 1;
			remoteGlobalIDString = 3C23A70A1A2F1EAB00F6F55C;
			remoteInfo = CallByReference;
		};
/* End PBXContainerItemProxy section */

/* Begin PBXFileReference section */
		3C23A70B1A2F1EAB00F6F55C /* CallByReference.app */ = {isa = PBXFileReference; explicitFileType = wrapper.application; includeInIndex = 0; path = CallByReference.app; sourceTree = BUILT_PRODUCTS_DIR; };
		3C23A70F1A2F1EAB00F6F55C /* Info.plist */ = {isa = PBXFileReference; lastKnownFileType = text.plist.xml; path = Info.plist; sourceTree = "<group>"; };
		3C23A7101A2F1EAB00F6F55C /* main.m */ = {isa = PBXFileReference; lastKnownFileType = sourcecode.c.objc; path = main.m; sourceTree = "<group>"; };
		3C23A7121A2F1EAB00F6F55C /* AppDelegate.h */ = {isa = PBXFileReference; lastKnownFileType = sourcecode.c.h; path = AppDelegate.h; sourceTree = "<group>"; };
		3C23A7131A2F1EAB00F6F55C /* AppDelegate.m */ = {isa = PBXFileReference; lastKnownFileType = sourcecode.c.objc; path = AppDelegate.m; sourceTree = "<group>"; };
		3C23A7151A2F1EAB00F6F55C /* ViewController.h */ = {isa = PBXFileReference; lastKnownFileType = sourcecode.c.h; path = ViewController.h; sourceTree = "<group>"; };
		3C23A7161A2F1EAB00F6F55C /* ViewController.m */ = {isa = PBXFileReference; lastKnownFileType = sourcecode.c.objc; path = ViewController.m; sourceTree = "<group>"; };
		3C23A7191A2F1EAB00F6F55C /* Base */ = {isa = PBXFileReference; lastKnownFileType = file.storyboard; name = Base; path = Base.lproj/Main.storyboard; sourceTree = "<group>"; };
		3C23A71B1A2F1EAC00F6F55C /* Images.xcassets */ = {isa = PBXFileReference; lastKnownFileType = folder.assetcatalog; path = Images.xcassets; sourceTree = "<group>"; };
		3C23A71E1A2F1EAC00F6F55C /* Base */ = {isa = PBXFileReference; lastKnownFileType = file.xib; name = Base; path = Base.lproj/LaunchScreen.xib; sourceTree = "<group>"; };
		3C23A7241A2F1EAC00F6F55C /* CallByReferenceTests.xctest */ = {isa = PBXFileReference; explicitFileType = wrapper.cfbundle; includeInIndex = 0; path = CallByReferenceTests.xctest; sourceTree = BUILT_PRODUCTS_DIR; };
		3C23A7291A2F1EAC00F6F55C /* Info.plist */ = {isa = PBXFileReference; lastKnownFileType = text.plist.xml; path = Info.plist; sourceTree = "<group>"; };
		3C23A72A1A2F1EAC00F6F55C /* CallByReferenceTests.m */ = {isa = PBXFileReference; lastKnownFileType = sourcecode.c.objc; path = CallByReferenceTests.m; sourceTree = "<group>"; };
/* End PBXFileReference section */

/* Begin PBXFrameworksBuildPhase section */
		3C23A7081A2F1EAB00F6F55C /* Frameworks */ = {
			isa = PBXFrameworksBuildPhase;
			buildActionMask = 2147483647;
			files = (
			);
			runOnlyForDeploymentPostprocessing = 0;
		};
		3C23A7211A2F1EAC00F6F55C /* Frameworks */ = {
			isa = PBXFrameworksBuildPhase;
			buildActionMask = 2147483647;
			files = (
			);
			runOnlyForDeploymentPostprocessing = 0;
		};
/* End PBXFrameworksBuildPhase section */

/* Begin PBXGroup section */
		3C23A7021A2F1EAB00F6F55C = {
			isa = PBXGroup;
			children = (
				3C23A70D1A2F1EAB00F6F55C /* CallByReference */,
				3C23A7271A2F1EAC00F6F55C /* CallByReferenceTests */,
				3C23A70C1A2F1EAB00F6F55C /* Products */,
			);
			sourceTree = "<group>";
		};
		3C23A70C1A2F1EAB00F6F55C /* Products */ = {
			isa = PBXGroup;
			children = (
				3C23A70B1A2F1EAB00F6F55C /* CallByReference.app */,
				3C23A7241A2F1EAC00F6F55C /* CallByReferenceTests.xctest */,
			);
			name = Products;
			sourceTree = "<group>";
		};
		3C23A70D1A2F1EAB00F6F55C /* CallByReference */ = {
			isa = PBXGroup;
			children = (
				3C23A7121A2F1EAB00F6F55C /* AppDelegate.h */,
				3C23A7131A2F1EAB00F6F55C /* AppDelegate.m */,
				3C23A7151A2F1EAB00F6F55C /* ViewController.h */,
				3C23A7161A2F1EAB00F6F55C /* ViewController.m */,
				3C23A7181A2F1EAB00F6F55C /* Main.storyboard */,
				3C23A71B1A2F1EAC00F6F55C /* Images.xcassets */,
				3C23A71D1A2F1EAC00F6F55C /* LaunchScreen.xib */,
				3C23A70E1A2F1EAB00F6F55C /* Supporting Files */,
			);
			path = CallByReference;
			sourceTree = "<group>";
		};
		3C23A70E1A2F1EAB00F6F55C /* Supporting Files */ = {
			isa = PBXGroup;
			children = (
				3C23A70F1A2F1EAB00F6F55C /* Info.plist */,
				3C23A7101A2F1EAB00F6F55C /* main.m */,
			);
			name = "Supporting Files";
			sourceTree = "<group>";
		};
		3C23A7271A2F1EAC00F6F55C /* CallByReferenceTests */ = {
			isa = PBXGroup;
			children = (
				3C23A72A1A2F1EAC00F6F55C /* CallByReferenceTests.m */,
				3C23A7281A2F1EAC00F6F55C /* Supporting Files */,
			);
			path = CallByReferenceTests;
			sourceTree = "<group>";
		};
		3C23A7281A2F1EAC00F6F55C /* Supporting Files */ = {
			isa = PBXGroup;
			children = (
				3C23A7291A2F1EAC00F6F55C /* Info.plist */,
			);
			name = "Supporting Files";
			sourceTree = "<group>";
		};
/* End PBXGroup section */

/* Begin PBXNativeTarget section */
		3C23A70A1A2F1EAB00F6F55C /* CallByReference */ = {
			isa = PBXNativeTarget;
			buildConfigurationList = 3C23A72E1A2F1EAC00F6F55C /* Build configuration list for PBXNativeTarget "CallByReference" */;
			buildPhases = (
				3C23A7071A2F1EAB00F6F55C /* Sources */,
				3C23A7081A2F1EAB00F6F55C /* Frameworks */,
				3C23A7091A2F1EAB00F6F55C /* Resources */,
			);
			buildRules = (
			);
			dependencies = (
			);
			name = CallByReference;
			productName = CallByReference;
			productReference = 3C23A70B1A2F1EAB00F6F55C /* CallByReference.app */;
			productType = "com.apple.product-type.application";
		};
		3C23A7231A2F1EAC00F6F55C /* CallByReferenceTests */ = {
			isa = PBXNativeTarget;
			buildConfigurationList = 3C23A7311A2F1EAC00F6F55C /* Build configuration list for PBXNativeTarget "CallByReferenceTests" */;
			buildPhases = (
				3C23A7201A2F1EAC00F6F55C /* Sources */,
				3C23A7211A2F1EAC00F6F55C /* Frameworks */,
				3C23A7221A2F1EAC00F6F55C /* Resources */,
			);
			buildRules = (
			);
			dependencies = (
				3C23A7261A2F1EAC00F6F55C /* PBXTargetDependency */,
			);
			name = CallByReferenceTests;
			productName = CallByReferenceTests;
			productReference = 3C23A7241A2F1EAC00F6F55C /* CallByReferenceTests.xctest */;
			productType = "com.apple.product-type.bundle.unit-test";
		};
/* End PBXNativeTarget section */

/* Begin PBXProject section */
		3C23A7031A2F1EAB00F6F55C /* Project object */ = {
			isa = PBXProject;
			attributes = {
				LastUpgradeCheck = 0610;
				ORGANIZATIONNAME = "Stefan Heruth";
				TargetAttributes = {
					3C23A70A1A2F1EAB00F6F55C = {
						CreatedOnToolsVersion = 6.1;
					};
					3C23A7231A2F1EAC00F6F55C = {
						CreatedOnToolsVersion = 6.1;
						TestTargetID = 3C23A70A1A2F1EAB00F6F55C;
					};
				};
			};
			buildConfigurationList = 3C23A7061A2F1EAB00F6F55C /* Build configuration list for PBXProject "CallByReference" */;
			compatibilityVersion = "Xcode 3.2";
			developmentRegion = English;
			hasScannedForEncodings = 0;
			knownRegions = (
				en,
				Base,
			);
			mainGroup = 3C23A7021A2F1EAB00F6F55C;
			productRefGroup = 3C23A70C1A2F1EAB00F6F55C /* Products */;
			projectDirPath = "";
			projectRoot = "";
			targets = (
				3C23A70A1A2F1EAB00F6F55C /* CallByReference */,
				3C23A7231A2F1EAC00F6F55C /* CallByReferenceTests */,
			);
		};
/* End PBXProject section */

/* Begin PBXResourcesBuildPhase section */
		3C23A7091A2F1EAB00F6F55C /* Resources */ = {
			isa = PBXResourcesBuildPhase;
			buildActionMask = 2147483647;
			files = (
				3C23A71A1A2F1EAB00F6F55C /* Main.storyboard in Resources */,
				3C23A71F1A2F1EAC00F6F55C /* LaunchScreen.xib in Resources */,
				3C23A71C1A2F1EAC00F6F55C /* Images.xcassets in Resources */,
			);
			runOnlyForDeploymentPostprocessing = 0;
		};
		3C23A7221A2F1EAC00F6F55C /* Resources */ = {
			isa = PBXResourcesBuildPhase;
			buildActionMask = 2147483647;
			files = (
			);
			runOnlyForDeploymentPostprocessing = 0;
		};
/* End PBXResourcesBuildPhase section */

/* Begin PBXSourcesBuildPhase section */
		3C23A7071A2F1EAB00F6F55C /* Sources */ = {
			isa = PBXSourcesBuildPhase;
			buildActionMask = 2147483647;
			files = (
				3C23A7171A2F1EAB00F6F55C /* ViewController.m in Sources */,
				3C23A7141A2F1EAB00F6F55C /* AppDelegate.m in Sources */,
				3C23A7111A2F1EAB00F6F55C /* main.m in Sources */,
			);
			runOnlyForDeploymentPostprocessing = 0;
		};
		3C23A7201A2F1EAC00F6F55C /* Sources */ = {
			isa = PBXSourcesBuildPhase;
			buildActionMask = 2147483647;
			files = (
				3C23A72B1A2F1EAC00F6F55C /* CallByReferenceTests.m in Sources */,
			);
			runOnlyForDeploymentPostprocessing = 0;
		};
/* End PBXSourcesBuildPhase section */

/* Begin PBXTargetDependency section */
		3C23A7261A2F1EAC00F6F55C /* PBXTargetDependency */ = {
			isa = PBXTargetDependency;
			target = 3C23A70A1A2F1EAB00F6F55C /* CallByReference */;
			targetProxy = 3C23A7251A2F1EAC00F6F55C /* PBXContainerItemProxy */;
		};
/* End PBXTargetDependency section */

/* Begin PBXVariantGroup section */
		3C23A7181A2F1EAB00F6F55C /* Main.storyboard */ = {
			isa = PBXVariantGroup;
			children = (
				3C23A7191A2F1EAB00F6F55C /* Base */,
			);
			name = Main.storyboard;
			sourceTree = "<group>";
		};
		3C23A71D1A2F1EAC00F6F55C /* LaunchScreen.xib */ = {
			isa = PBXVariantGroup;
			children = (
				3C23A71E1A2F1EAC00F6F55C /* Base */,
			);
			name = LaunchScreen.xib;
			sourceTree = "<group>";
		};
/* End PBXVariantGroup section */

/* Begin XCBuildConfiguration section */
		3C23A72C1A2F1EAC00F6F55C /* Debug */ = {
			isa = XCBuildConfiguration;
			buildSettings = {
				ALWAYS_SEARCH_USER_PATHS = NO;
				CLANG_CXX_LANGUAGE_STANDARD = "gnu++0x";
				CLANG_CXX_LIBRARY = "libc++";
				CLANG_ENABLE_MODULES = YES;
				CLANG_ENABLE_OBJC_ARC = YES;
				CLANG_WARN_BOOL_CONVERSION = YES;
				CLANG_WARN_CONSTANT_CONVERSION = YES;
				CLANG_WARN_DIRECT_OBJC_ISA_USAGE = YES_ERROR;
				CLANG_WARN_EMPTY_BODY = YES;
				CLANG_WARN_ENUM_CONVERSION = YES;
				CLANG_WARN_INT_CONVERSION = YES;
				CLANG_WARN_OBJC_ROOT_CLASS = YES_ERROR;
				CLANG_WARN_UNREACHABLE_CODE = YES;
				CLANG_WARN__DUPLICATE_METHOD_MATCH = YES;
				"CODE_SIGN_IDENTITY[sdk=iphoneos*]" = "iPhone Developer";
				COPY_PHASE_STRIP = NO;
				ENABLE_STRICT_OBJC_MSGSEND = YES;
				GCC_C_LANGUAGE_STANDARD = gnu99;
				GCC_DYNAMIC_NO_PIC = NO;
				GCC_OPTIMIZATION_LEVEL = 0;
				GCC_PREPROCESSOR_DEFINITIONS = (
					"DEBUG=1",
					"$(inherited)",
				);
				GCC_SYMBOLS_PRIVATE_EXTERN = NO;
				GCC_WARN_64_TO_32_BIT_CONVERSION = YES;
				GCC_WARN_ABOUT_RETURN_TYPE = YES_ERROR;
				GCC_WARN_UNDECLARED_SELECTOR = YES;
				GCC_WARN_UNINITIALIZED_AUTOS = YES_AGGRESSIVE;
				GCC_WARN_UNUSED_FUNCTION = YES;
				GCC_WARN_UNUSED_VARIABLE = YES;
				IPHONEOS_DEPLOYMENT_TARGET = 8.1;
				MTL_ENABLE_DEBUG_INFO = YES;
				ONLY_ACTIVE_ARCH = YES;
				SDKROOT = iphoneos;
				TARGETED_DEVICE_FAMILY = "1,2";
			};
			name = Debug;
		};
		3C23A72D1A2F1EAC00F6F55C /* Release */ = {
			isa = XCBuildConfiguration;
			buildSettings = {
				ALWAYS_SEARCH_USER_PATHS = NO;
				CLANG_CXX_LANGUAGE_STANDARD = "gnu++0x";
				CLANG_CXX_LIBRARY = "libc++";
				CLANG_ENABLE_MODULES = YES;
				CLANG_ENABLE_OBJC_ARC = YES;
				CLANG_WARN_BOOL_CONVERSION = YES;
				CLANG_WARN_CONSTANT_CONVERSION = YES;
				CLANG_WARN_DIRECT_OBJC_ISA_USAGE = YES_ERROR;
				CLANG_WARN_EMPTY_BODY = YES;
				CLANG_WARN_ENUM_CONVERSION = YES;
				CLANG_WARN_INT_CONVERSION = YES;
				CLANG_WARN_OBJC_ROOT_CLASS = YES_ERROR;
				CLANG_WARN_UNREACHABLE_CODE = YES;
				CLANG_WARN__DUPLICATE_METHOD_MATCH = YES;
				"CODE_SIGN_IDENTITY[sdk=iphoneos*]" = "iPhone Developer";
				COPY_PHASE_STRIP = YES;
				ENABLE_NS_ASSERTIONS = NO;
				ENABLE_STRICT_OBJC_MSGSEND = YES;
				GCC_C_LANGUAGE_STANDARD = gnu99;
				GCC_WARN_64_TO_32_BIT_CONVERSION = YES;
				GCC_WARN_ABOUT_RETURN_TYPE = YES_ERROR;
				GCC_WARN_UNDECLARED_SELECTOR = YES;
				GCC_WARN_UNINITIALIZED_AUTOS = YES_AGGRESSIVE;
				GCC_WARN_UNUSED_FUNCTION = YES;
				GCC_WARN_UNUSED_VARIABLE = YES;
				IPHONEOS_DEPLOYMENT_TARGET = 8.1;
				MTL_ENABLE_DEBUG_INFO = NO;
				SDKROOT = iphoneos;
				TARGETED_DEVICE_FAMILY = "1,2";
				VALIDATE_PRODUCT = YES;
			};
			name = Release;
		};
		3C23A72F1A2F1EAC00F6F55C /* Debug */ = {
			isa = XCBuildConfiguration;
			buildSettings = {
				ASSETCATALOG_COMPILER_APPICON_NAME = AppIcon;
				INFOPLIST_FILE = CallByReference/Info.plist;
				LD_RUNPATH_SEARCH_PATHS = "$(inherited) @executable_path/Frameworks";
				PRODUCT_NAME = "$(TARGET_NAME)";
			};
			name = Debug;
		};
		3C23A7301A2F1EAC00F6F55C /* Release */ = {
			isa = XCBuildConfiguration;
			buildSettings = {
				ASSETCATALOG_COMPILER_APPICON_NAME = AppIcon;
				INFOPLIST_FILE = CallByReference/Info.plist;
				LD_RUNPATH_SEARCH_PATHS = "$(inherited) @executable_path/Frameworks";
				PRODUCT_NAME = "$(TARGET_NAME)";
			};
			name = Release;
		};
		3C23A7321A2F1EAC00F6F55C /* Debug */ = {
			isa = XCBuildConfiguration;
			buildSettings = {
				BUNDLE_LOADER = "$(TEST_HOST)";
				FRAMEWORK_SEARCH_PATHS = (
					"$(SDKROOT)/Developer/Library/Frameworks",
					"$(inherited)",
				);
				GCC_PREPROCESSOR_DEFINITIONS = (
					"DEBUG=1",
					"$(inherited)",
				);
				INFOPLIST_FILE = CallByReferenceTests/Info.plist;
				LD_RUNPATH_SEARCH_PATHS = "$(inherited) @executable_path/Frameworks @loader_path/Frameworks";
				PRODUCT_NAME = "$(TARGET_NAME)";
				TEST_HOST = "$(BUILT_PRODUCTS_DIR)/CallByReference.app/CallByReference";
			};
			name = Debug;
		};
		3C23A7331A2F1EAC00F6F55C /* Release */ = {
			isa = XCBuildConfiguration;
			buildSettings = {
				BUNDLE_LOADER = "$(TEST_HOST)";
				FRAMEWORK_SEARCH_PATHS = (
					"$(SDKROOT)/Developer/Library/Frameworks",
					"$(inherited)",
				);
				INFOPLIST_FILE = CallByReferenceTests/Info.plist;
				LD_RUNPATH_SEARCH_PATHS = "$(inherited) @executable_path/Frameworks @loader_path/Frameworks";
				PRODUCT_NAME = "$(TARGET_NAME)";
				TEST_HOST = "$(BUILT_PRODUCTS_DIR)/CallByReference.app/CallByReference";
			};
			name = Release;
		};
/* End XCBuildConfiguration section */

/* Begin XCConfigurationList section */
		3C23A7061A2F1EAB00F6F55C /* Build configuration list for PBXProject "CallByReference" */ = {
			isa = XCConfigurationList;
			buildConfigurations = (
				3C23A72C1A2F1EAC00F6F55C /* Debug */,
				3C23A72D1A2F1EAC00F6F55C /* Release */,
			);
			defaultConfigurationIsVisible = 0;
			defaultConfigurationName = Release;
		};
		3C23A72E1A2F1EAC00F6F55C /* Build configuration list for PBXNativeTarget "CallByReference" */ = {
			isa = XCConfigurationList;
			buildConfigurations = (
				3C23A72F1A2F1EAC00F6F55C /* Debug */,
				3C23A7301A2F1EAC00F6F55C /* Release */,
			);
			defaultConfigurationIsVisible = 0;
		};
		3C23A7311A2F1EAC00F6F55C /* Build configuration list for PBXNativeTarget "CallByReferenceTests" */ = {
			isa = XCConfigurationList;
			buildConfigurations = (
				3C23A7321A2F1EAC00F6F55C /* Debug */,
				3C23A7331A2F1EAC00F6F55C /* Release */,
			);
			defaultConfigurationIsVisible = 0;
		};
/* End XCConfigurationList section */
	};
	rootObject = 3C23A7031A2F1EAB00F6F55C /* Project object */;
}
