// !$*UTF8*$!
{
	archiveVersion = 1;
	classes = {
	};
	objectVersion = 46;
	objects = {

/* Begin PBXBuildFile section */
		FA3410A41A5D78BF00E0B5CC /* main.m in Sources */ = {isa = PBXBuildFile; fileRef = FA3410A31A5D78BF00E0B5CC /* main.m */; };
		FA3410A71A5D78BF00E0B5CC /* AppDelegate.m in Sources */ = {isa = PBXBuildFile; fileRef = FA3410A61A5D78BF00E0B5CC /* AppDelegate.m */; };
		FA3410AA1A5D78BF00E0B5CC /* ViewController.m in Sources */ = {isa = PBXBuildFile; fileRef = FA3410A91A5D78BF00E0B5CC /* ViewController.m */; };
		FA3410AD1A5D78BF00E0B5CC /* Main.storyboard in Resources */ = {isa = PBXBuildFile; fileRef = FA3410AB1A5D78BF00E0B5CC /* Main.storyboard */; };
		FA3410AF1A5D78BF00E0B5CC /* Images.xcassets in Resources */ = {isa = PBXBuildFile; fileRef = FA3410AE1A5D78BF00E0B5CC /* Images.xcassets */; };
		FA3410B21A5D78BF00E0B5CC /* LaunchScreen.xib in Resources */ = {isa = PBXBuildFile; fileRef = FA3410B01A5D78BF00E0B5CC /* LaunchScreen.xib */; };
		FA3410BE1A5D78BF00E0B5CC /* helloworld_objcTests.m in Sources */ = {isa = PBXBuildFile; fileRef = FA3410BD1A5D78BF00E0B5CC /* helloworld_objcTests.m */; };
/* End PBXBuildFile section */

/* Begin PBXContainerItemProxy section */
		FA3410B81A5D78BF00E0B5CC /* PBXContainerItemProxy */ = {
			isa = PBXContainerItemProxy;
			containerPortal = FA3410961A5D78BF00E0B5CC /* Project object */;
			proxyType = 1;
			remoteGlobalIDString = FA34109D1A5D78BF00E0B5CC;
			remoteInfo = "helloworld-objc";
		};
/* End PBXContainerItemProxy section */

/* Begin PBXFileReference section */
		FA34109E1A5D78BF00E0B5CC /* helloworld-objc.app */ = {isa = PBXFileReference; explicitFileType = wrapper.application; includeInIndex = 0; path = "helloworld-objc.app"; sourceTree = BUILT_PRODUCTS_DIR; };
		FA3410A21A5D78BF00E0B5CC /* Info.plist */ = {isa = PBXFileReference; lastKnownFileType = text.plist.xml; path = Info.plist; sourceTree = "<group>"; };
		FA3410A31A5D78BF00E0B5CC /* main.m */ = {isa = PBXFileReference; lastKnownFileType = sourcecode.c.objc; path = main.m; sourceTree = "<group>"; };
		FA3410A51A5D78BF00E0B5CC /* AppDelegate.h */ = {isa = PBXFileReference; lastKnownFileType = sourcecode.c.h; path = AppDelegate.h; sourceTree = "<group>"; };
		FA3410A61A5D78BF00E0B5CC /* AppDelegate.m */ = {isa = PBXFileReference; lastKnownFileType = sourcecode.c.objc; path = AppDelegate.m; sourceTree = "<group>"; };
		FA3410A81A5D78BF00E0B5CC /* ViewController.h */ = {isa = PBXFileReference; lastKnownFileType = sourcecode.c.h; path = ViewController.h; sourceTree = "<group>"; };
		FA3410A91A5D78BF00E0B5CC /* ViewController.m */ = {isa = PBXFileReference; lastKnownFileType = sourcecode.c.objc; path = ViewController.m; sourceTree = "<group>"; };
		FA3410AC1A5D78BF00E0B5CC /* Base */ = {isa = PBXFileReference; lastKnownFileType = file.storyboard; name = Base; path = Base.lproj/Main.storyboard; sourceTree = "<group>"; };
		FA3410AE1A5D78BF00E0B5CC /* Images.xcassets */ = {isa = PBXFileReference; lastKnownFileType = folder.assetcatalog; path = Images.xcassets; sourceTree = "<group>"; };
		FA3410B11A5D78BF00E0B5CC /* Base */ = {isa = PBXFileReference; lastKnownFileType = file.xib; name = Base; path = Base.lproj/LaunchScreen.xib; sourceTree = "<group>"; };
		FA3410B71A5D78BF00E0B5CC /* helloworld-objcTests.xctest */ = {isa = PBXFileReference; explicitFileType = wrapper.cfbundle; includeInIndex = 0; path = "helloworld-objcTests.xctest"; sourceTree = BUILT_PRODUCTS_DIR; };
		FA3410BC1A5D78BF00E0B5CC /* Info.plist */ = {isa = PBXFileReference; lastKnownFileType = text.plist.xml; path = Info.plist; sourceTree = "<group>"; };
		FA3410BD1A5D78BF00E0B5CC /* helloworld_objcTests.m */ = {isa = PBXFileReference; lastKnownFileType = sourcecode.c.objc; path = helloworld_objcTests.m; sourceTree = "<group>"; };
/* End PBXFileReference section */

/* Begin PBXFrameworksBuildPhase section */
		FA34109B1A5D78BF00E0B5CC /* Frameworks */ = {
			isa = PBXFrameworksBuildPhase;
			buildActionMask = 2147483647;
			files = (
			);
			runOnlyForDeploymentPostprocessing = 0;
		};
		FA3410B41A5D78BF00E0B5CC /* Frameworks */ = {
			isa = PBXFrameworksBuildPhase;
			buildActionMask = 2147483647;
			files = (
			);
			runOnlyForDeploymentPostprocessing = 0;
		};
/* End PBXFrameworksBuildPhase section */

/* Begin PBXGroup section */
		FA3410951A5D78BF00E0B5CC = {
			isa = PBXGroup;
			children = (
				FA3410A01A5D78BF00E0B5CC /* helloworld-objc */,
				FA3410BA1A5D78BF00E0B5CC /* helloworld-objcTests */,
				FA34109F1A5D78BF00E0B5CC /* Products */,
			);
			sourceTree = "<group>";
		};
		FA34109F1A5D78BF00E0B5CC /* Products */ = {
			isa = PBXGroup;
			children = (
				FA34109E1A5D78BF00E0B5CC /* helloworld-objc.app */,
				FA3410B71A5D78BF00E0B5CC /* helloworld-objcTests.xctest */,
			);
			name = Products;
			sourceTree = "<group>";
		};
		FA3410A01A5D78BF00E0B5CC /* helloworld-objc */ = {
			isa = PBXGroup;
			children = (
				FA3410A51A5D78BF00E0B5CC /* AppDelegate.h */,
				FA3410A61A5D78BF00E0B5CC /* AppDelegate.m */,
				FA3410A81A5D78BF00E0B5CC /* ViewController.h */,
				FA3410A91A5D78BF00E0B5CC /* ViewController.m */,
				FA3410AB1A5D78BF00E0B5CC /* Main.storyboard */,
				FA3410AE1A5D78BF00E0B5CC /* Images.xcassets */,
				FA3410B01A5D78BF00E0B5CC /* LaunchScreen.xib */,
				FA3410A11A5D78BF00E0B5CC /* Supporting Files */,
			);
			path = "helloworld-objc";
			sourceTree = "<group>";
		};
		FA3410A11A5D78BF00E0B5CC /* Supporting Files */ = {
			isa = PBXGroup;
			children = (
				FA3410A21A5D78BF00E0B5CC /* Info.plist */,
				FA3410A31A5D78BF00E0B5CC /* main.m */,
			);
			name = "Supporting Files";
			sourceTree = "<group>";
		};
		FA3410BA1A5D78BF00E0B5CC /* helloworld-objcTests */ = {
			isa = PBXGroup;
			children = (
				FA3410BD1A5D78BF00E0B5CC /* helloworld_objcTests.m */,
				FA3410BB1A5D78BF00E0B5CC /* Supporting Files */,
			);
			path = "helloworld-objcTests";
			sourceTree = "<group>";
		};
		FA3410BB1A5D78BF00E0B5CC /* Supporting Files */ = {
			isa = PBXGroup;
			children = (
				FA3410BC1A5D78BF00E0B5CC /* Info.plist */,
			);
			name = "Supporting Files";
			sourceTree = "<group>";
		};
/* End PBXGroup section */

/* Begin PBXNativeTarget section */
		FA34109D1A5D78BF00E0B5CC /* helloworld-objc */ = {
			isa = PBXNativeTarget;
			buildConfigurationList = FA3410C11A5D78BF00E0B5CC /* Build configuration list for PBXNativeTarget "helloworld-objc" */;
			buildPhases = (
				FA34109A1A5D78BF00E0B5CC /* Sources */,
				FA34109B1A5D78BF00E0B5CC /* Frameworks */,
				FA34109C1A5D78BF00E0B5CC /* Resources */,
			);
			buildRules = (
			);
			dependencies = (
			);
			name = "helloworld-objc";
			productName = "helloworld-objc";
			productReference = FA34109E1A5D78BF00E0B5CC /* helloworld-objc.app */;
			productType = "com.apple.product-type.application";
		};
		FA3410B61A5D78BF00E0B5CC /* helloworld-objcTests */ = {
			isa = PBXNativeTarget;
			buildConfigurationList = FA3410C41A5D78BF00E0B5CC /* Build configuration list for PBXNativeTarget "helloworld-objcTests" */;
			buildPhases = (
				FA3410B31A5D78BF00E0B5CC /* Sources */,
				FA3410B41A5D78BF00E0B5CC /* Frameworks */,
				FA3410B51A5D78BF00E0B5CC /* Resources */,
			);
			buildRules = (
			);
			dependencies = (
				FA3410B91A5D78BF00E0B5CC /* PBXTargetDependency */,
			);
			name = "helloworld-objcTests";
			productName = "helloworld-objcTests";
			productReference = FA3410B71A5D78BF00E0B5CC /* helloworld-objcTests.xctest */;
			productType = "com.apple.product-type.bundle.unit-test";
		};
/* End PBXNativeTarget section */

/* Begin PBXProject section */
		FA3410961A5D78BF00E0B5CC /* Project object */ = {
			isa = PBXProject;
			attributes = {
				LastUpgradeCheck = 0610;
				ORGANIZATIONNAME = Alex;
				TargetAttributes = {
					FA34109D1A5D78BF00E0B5CC = {
						CreatedOnToolsVersion = 6.1.1;
					};
					FA3410B61A5D78BF00E0B5CC = {
						CreatedOnToolsVersion = 6.1.1;
						TestTargetID = FA34109D1A5D78BF00E0B5CC;
					};
				};
			};
			buildConfigurationList = FA3410991A5D78BF00E0B5CC /* Build configuration list for PBXProject "helloworld-objc" */;
			compatibilityVersion = "Xcode 3.2";
			developmentRegion = English;
			hasScannedForEncodings = 0;
			knownRegions = (
				en,
				Base,
			);
			mainGroup = FA3410951A5D78BF00E0B5CC;
			productRefGroup = FA34109F1A5D78BF00E0B5CC /* Products */;
			projectDirPath = "";
			projectRoot = "";
			targets = (
				FA34109D1A5D78BF00E0B5CC /* helloworld-objc */,
				FA3410B61A5D78BF00E0B5CC /* helloworld-objcTests */,
			);
		};
/* End PBXProject section */

/* Begin PBXResourcesBuildPhase section */
		FA34109C1A5D78BF00E0B5CC /* Resources */ = {
			isa = PBXResourcesBuildPhase;
			buildActionMask = 2147483647;
			files = (
				FA3410AD1A5D78BF00E0B5CC /* Main.storyboard in Resources */,
				FA3410B21A5D78BF00E0B5CC /* LaunchScreen.xib in Resources */,
				FA3410AF1A5D78BF00E0B5CC /* Images.xcassets in Resources */,
			);
			runOnlyForDeploymentPostprocessing = 0;
		};
		FA3410B51A5D78BF00E0B5CC /* Resources */ = {
			isa = PBXResourcesBuildPhase;
			buildActionMask = 2147483647;
			files = (
			);
			runOnlyForDeploymentPostprocessing = 0;
		};
/* End PBXResourcesBuildPhase section */

/* Begin PBXSourcesBuildPhase section */
		FA34109A1A5D78BF00E0B5CC /* Sources */ = {
			isa = PBXSourcesBuildPhase;
			buildActionMask = 2147483647;
			files = (
				FA3410AA1A5D78BF00E0B5CC /* ViewController.m in Sources */,
				FA3410A71A5D78BF00E0B5CC /* AppDelegate.m in Sources */,
				FA3410A41A5D78BF00E0B5CC /* main.m in Sources */,
			);
			runOnlyForDeploymentPostprocessing = 0;
		};
		FA3410B31A5D78BF00E0B5CC /* Sources */ = {
			isa = PBXSourcesBuildPhase;
			buildActionMask = 2147483647;
			files = (
				FA3410BE1A5D78BF00E0B5CC /* helloworld_objcTests.m in Sources */,
			);
			runOnlyForDeploymentPostprocessing = 0;
		};
/* End PBXSourcesBuildPhase section */

/* Begin PBXTargetDependency section */
		FA3410B91A5D78BF00E0B5CC /* PBXTargetDependency */ = {
			isa = PBXTargetDependency;
			target = FA34109D1A5D78BF00E0B5CC /* helloworld-objc */;
			targetProxy = FA3410B81A5D78BF00E0B5CC /* PBXContainerItemProxy */;
		};
/* End PBXTargetDependency section */

/* Begin PBXVariantGroup section */
		FA3410AB1A5D78BF00E0B5CC /* Main.storyboard */ = {
			isa = PBXVariantGroup;
			children = (
				FA3410AC1A5D78BF00E0B5CC /* Base */,
			);
			name = Main.storyboard;
			sourceTree = "<group>";
		};
		FA3410B01A5D78BF00E0B5CC /* LaunchScreen.xib */ = {
			isa = PBXVariantGroup;
			children = (
				FA3410B11A5D78BF00E0B5CC /* Base */,
			);
			name = LaunchScreen.xib;
			sourceTree = "<group>";
		};
/* End PBXVariantGroup section */

/* Begin XCBuildConfiguration section */
		FA3410BF1A5D78BF00E0B5CC /* Debug */ = {
			isa = XCBuildConfiguration;
			buildSettings = {
				ALWAYS_SEARCH_USER_PATHS = NO;
				CLANG_CXX_LANGUAGE_STANDARD = "gnu++0x";
				CLANG_CXX_LIBRARY = "libc++";
				CLANG_ENABLE_MODULES = YES;
				CLANG_ENABLE_OBJC_ARC = YES;
				CLANG_WARN_BOOL_CONVERSION = YES;
				CLANG_WARN_CONSTANT_CONVERSION = YES;
				CLANG_WARN_DIRECT_OBJC_ISA_USAGE = YES_ERROR;
				CLANG_WARN_EMPTY_BODY = YES;
				CLANG_WARN_ENUM_CONVERSION = YES;
				CLANG_WARN_INT_CONVERSION = YES;
				CLANG_WARN_OBJC_ROOT_CLASS = YES_ERROR;
				CLANG_WARN_UNREACHABLE_CODE = YES;
				CLANG_WARN__DUPLICATE_METHOD_MATCH = YES;
				"CODE_SIGN_IDENTITY[sdk=iphoneos*]" = "iPhone Developer";
				COPY_PHASE_STRIP = NO;
				ENABLE_STRICT_OBJC_MSGSEND = YES;
				GCC_C_LANGUAGE_STANDARD = gnu99;
				GCC_DYNAMIC_NO_PIC = NO;
				GCC_OPTIMIZATION_LEVEL = 0;
				GCC_PREPROCESSOR_DEFINITIONS = (
					"DEBUG=1",
					"$(inherited)",
				);
				GCC_SYMBOLS_PRIVATE_EXTERN = NO;
				GCC_WARN_64_TO_32_BIT_CONVERSION = YES;
				GCC_WARN_ABOUT_RETURN_TYPE = YES_ERROR;
				GCC_WARN_UNDECLARED_SELECTOR = YES;
				GCC_WARN_UNINITIALIZED_AUTOS = YES_AGGRESSIVE;
				GCC_WARN_UNUSED_FUNCTION = YES;
				GCC_WARN_UNUSED_VARIABLE = YES;
				IPHONEOS_DEPLOYMENT_TARGET = 8.1;
				MTL_ENABLE_DEBUG_INFO = YES;
				ONLY_ACTIVE_ARCH = YES;
				SDKROOT = iphoneos;
				TARGETED_DEVICE_FAMILY = "1,2";
			};
			name = Debug;
		};
		FA3410C01A5D78BF00E0B5CC /* Release */ = {
			isa = XCBuildConfiguration;
			buildSettings = {
				ALWAYS_SEARCH_USER_PATHS = NO;
				CLANG_CXX_LANGUAGE_STANDARD = "gnu++0x";
				CLANG_CXX_LIBRARY = "libc++";
				CLANG_ENABLE_MODULES = YES;
				CLANG_ENABLE_OBJC_ARC = YES;
				CLANG_WARN_BOOL_CONVERSION = YES;
				CLANG_WARN_CONSTANT_CONVERSION = YES;
				CLANG_WARN_DIRECT_OBJC_ISA_USAGE = YES_ERROR;
				CLANG_WARN_EMPTY_BODY = YES;
				CLANG_WARN_ENUM_CONVERSION = YES;
				CLANG_WARN_INT_CONVERSION = YES;
				CLANG_WARN_OBJC_ROOT_CLASS = YES_ERROR;
				CLANG_WARN_UNREACHABLE_CODE = YES;
				CLANG_WARN__DUPLICATE_METHOD_MATCH = YES;
				"CODE_SIGN_IDENTITY[sdk=iphoneos*]" = "iPhone Developer";
				COPY_PHASE_STRIP = YES;
				ENABLE_NS_ASSERTIONS = NO;
				ENABLE_STRICT_OBJC_MSGSEND = YES;
				GCC_C_LANGUAGE_STANDARD = gnu99;
				GCC_WARN_64_TO_32_BIT_CONVERSION = YES;
				GCC_WARN_ABOUT_RETURN_TYPE = YES_ERROR;
				GCC_WARN_UNDECLARED_SELECTOR = YES;
				GCC_WARN_UNINITIALIZED_AUTOS = YES_AGGRESSIVE;
				GCC_WARN_UNUSED_FUNCTION = YES;
				GCC_WARN_UNUSED_VARIABLE = YES;
				IPHONEOS_DEPLOYMENT_TARGET = 8.1;
				MTL_ENABLE_DEBUG_INFO = NO;
				SDKROOT = iphoneos;
				TARGETED_DEVICE_FAMILY = "1,2";
				VALIDATE_PRODUCT = YES;
			};
			name = Release;
		};
		FA3410C21A5D78BF00E0B5CC /* Debug */ = {
			isa = XCBuildConfiguration;
			buildSettings = {
				ASSETCATALOG_COMPILER_APPICON_NAME = AppIcon;
				INFOPLIST_FILE = "helloworld-objc/Info.plist";
				LD_RUNPATH_SEARCH_PATHS = "$(inherited) @executable_path/Frameworks";
				PRODUCT_NAME = "$(TARGET_NAME)";
			};
			name = Debug;
		};
		FA3410C31A5D78BF00E0B5CC /* Release */ = {
			isa = XCBuildConfiguration;
			buildSettings = {
				ASSETCATALOG_COMPILER_APPICON_NAME = AppIcon;
				INFOPLIST_FILE = "helloworld-objc/Info.plist";
				LD_RUNPATH_SEARCH_PATHS = "$(inherited) @executable_path/Frameworks";
				PRODUCT_NAME = "$(TARGET_NAME)";
			};
			name = Release;
		};
		FA3410C51A5D78BF00E0B5CC /* Debug */ = {
			isa = XCBuildConfiguration;
			buildSettings = {
				BUNDLE_LOADER = "$(TEST_HOST)";
				FRAMEWORK_SEARCH_PATHS = (
					"$(SDKROOT)/Developer/Library/Frameworks",
					"$(inherited)",
				);
				GCC_PREPROCESSOR_DEFINITIONS = (
					"DEBUG=1",
					"$(inherited)",
				);
				INFOPLIST_FILE = "helloworld-objcTests/Info.plist";
				LD_RUNPATH_SEARCH_PATHS = "$(inherited) @executable_path/Frameworks @loader_path/Frameworks";
				PRODUCT_NAME = "$(TARGET_NAME)";
				TEST_HOST = "$(BUILT_PRODUCTS_DIR)/helloworld-objc.app/helloworld-objc";
			};
			name = Debug;
		};
		FA3410C61A5D78BF00E0B5CC /* Release */ = {
			isa = XCBuildConfiguration;
			buildSettings = {
				BUNDLE_LOADER = "$(TEST_HOST)";
				FRAMEWORK_SEARCH_PATHS = (
					"$(SDKROOT)/Developer/Library/Frameworks",
					"$(inherited)",
				);
				INFOPLIST_FILE = "helloworld-objcTests/Info.plist";
				LD_RUNPATH_SEARCH_PATHS = "$(inherited) @executable_path/Frameworks @loader_path/Frameworks";
				PRODUCT_NAME = "$(TARGET_NAME)";
				TEST_HOST = "$(BUILT_PRODUCTS_DIR)/helloworld-objc.app/helloworld-objc";
			};
			name = Release;
		};
/* End XCBuildConfiguration section */

/* Begin XCConfigurationList section */
		FA3410991A5D78BF00E0B5CC /* Build configuration list for PBXProject "helloworld-objc" */ = {
			isa = XCConfigurationList;
			buildConfigurations = (
				FA3410BF1A5D78BF00E0B5CC /* Debug */,
				FA3410C01A5D78BF00E0B5CC /* Release */,
			);
			defaultConfigurationIsVisible = 0;
			defaultConfigurationName = Release;
		};
		FA3410C11A5D78BF00E0B5CC /* Build configuration list for PBXNativeTarget "helloworld-objc" */ = {
			isa = XCConfigurationList;
			buildConfigurations = (
				FA3410C21A5D78BF00E0B5CC /* Debug */,
				FA3410C31A5D78BF00E0B5CC /* Release */,
			);
			defaultConfigurationIsVisible = 0;
		};
		FA3410C41A5D78BF00E0B5CC /* Build configuration list for PBXNativeTarget "helloworld-objcTests" */ = {
			isa = XCConfigurationList;
			buildConfigurations = (
				FA3410C51A5D78BF00E0B5CC /* Debug */,
				FA3410C61A5D78BF00E0B5CC /* Release */,
			);
			defaultConfigurationIsVisible = 0;
		};
/* End XCConfigurationList section */
	};
	rootObject = FA3410961A5D78BF00E0B5CC /* Project object */;
}
