// !$*UTF8*$!
{
	archiveVersion = 1;
	classes = {
	};
	objectVersion = 46;
	objects = {

/* Begin PBXBuildFile section */
		3C23A6FC1A2F1D4300F6F55C /* main.swift in Sources */ = {isa = PBXBuildFile; fileRef = 3C23A6FB1A2F1D4300F6F55C /* main.swift */; };
/* End PBXBuildFile section */

/* Begin PBXCopyFilesBuildPhase section */
		3C23A6F61A2F1D4300F6F55C /* CopyFiles */ = {
			isa = PBXCopyFilesBuildPhase;
			buildActionMask = 2147483647;
			dstPath = /usr/share/man/man1/;
			dstSubfolderSpec = 0;
			files = (
			);
			runOnlyForDeploymentPostprocessing = 1;
		};
/* End PBXCopyFilesBuildPhase section */

/* Begin PBXFileReference section */
		3C23A6F81A2F1D4300F6F55C /* CallByReference */ = {isa = PBXFileReference; explicitFileType = "compiled.mach-o.executable"; includeInIndex = 0; path = CallByReference; sourceTree = BUILT_PRODUCTS_DIR; };
		3C23A6FB1A2F1D4300F6F55C /* main.swift */ = {isa = PBXFileReference; lastKnownFileType = sourcecode.swift; path = main.swift; sourceTree = "<group>"; };
/* End PBXFileReference section */

/* Begin PBXFrameworksBuildPhase section */
		3C23A6F51A2F1D4300F6F55C /* Frameworks */ = {
			isa = PBXFrameworksBuildPhase;
			buildActionMask = 2147483647;
			files = (
			);
			runOnlyForDeploymentPostprocessing = 0;
		};
/* End PBXFrameworksBuildPhase section */

/* Begin PBXGroup section */
		3C23A6EF1A2F1D4200F6F55C = {
			isa = PBXGroup;
			children = (
				3C23A6FA1A2F1D4300F6F55C /* CallByReference */,
				3C23A6F91A2F1D4300F6F55C /* Products */,
			);
			sourceTree = "<group>";
		};
		3C23A6F91A2F1D4300F6F55C /* Products */ = {
			isa = PBXGroup;
			children = (
				3C23A6F81A2F1D4300F6F55C /* CallByReference */,
			);
			name = Products;
			sourceTree = "<group>";
		};
		3C23A6FA1A2F1D4300F6F55C /* CallByReference */ = {
			isa = PBXGroup;
			children = (
				3C23A6FB1A2F1D4300F6F55C /* main.swift */,
			);
			path = CallByReference;
			sourceTree = "<group>";
		};
/* End PBXGroup section */

/* Begin PBXNativeTarget section */
		3C23A6F71A2F1D4300F6F55C /* CallByReference */ = {
			isa = PBXNativeTarget;
			buildConfigurationList = 3C23A6FF1A2F1D4300F6F55C /* Build configuration list for PBXNativeTarget "CallByReference" */;
			buildPhases = (
				3C23A6F41A2F1D4300F6F55C /* Sources */,
				3C23A6F51A2F1D4300F6F55C /* Frameworks */,
				3C23A6F61A2F1D4300F6F55C /* CopyFiles */,
			);
			buildRules = (
			);
			dependencies = (
			);
			name = CallByReference;
			productName = CallByReference;
			productReference = 3C23A6F81A2F1D4300F6F55C /* CallByReference */;
			productType = "com.apple.product-type.tool";
		};
/* End PBXNativeTarget section */

/* Begin PBXProject section */
		3C23A6F01A2F1D4200F6F55C /* Project object */ = {
			isa = PBXProject;
			attributes = {
				LastUpgradeCheck = 0610;
				ORGANIZATIONNAME = "Stefan Heruth";
				TargetAttributes = {
					3C23A6F71A2F1D4300F6F55C = {
						CreatedOnToolsVersion = 6.1;
					};
				};
			};
			buildConfigurationList = 3C23A6F31A2F1D4200F6F55C /* Build configuration list for PBXProject "CallByReference" */;
			compatibilityVersion = "Xcode 3.2";
			developmentRegion = English;
			hasScannedForEncodings = 0;
			knownRegions = (
				en,
			);
			mainGroup = 3C23A6EF1A2F1D4200F6F55C;
			productRefGroup = 3C23A6F91A2F1D4300F6F55C /* Products */;
			projectDirPath = "";
			projectRoot = "";
			targets = (
				3C23A6F71A2F1D4300F6F55C /* CallByReference */,
			);
		};
/* End PBXProject section */

/* Begin PBXSourcesBuildPhase section */
		3C23A6F41A2F1D4300F6F55C /* Sources */ = {
			isa = PBXSourcesBuildPhase;
			buildActionMask = 2147483647;
			files = (
				3C23A6FC1A2F1D4300F6F55C /* main.swift in Sources */,
			);
			runOnlyForDeploymentPostprocessing = 0;
		};
/* End PBXSourcesBuildPhase section */

/* Begin XCBuildConfiguration section */
		3C23A6FD1A2F1D4300F6F55C /* Debug */ = {
			isa = XCBuildConfiguration;
			buildSettings = {
				ALWAYS_SEARCH_USER_PATHS = NO;
				CLANG_CXX_LANGUAGE_STANDARD = "gnu++0x";
				CLANG_CXX_LIBRARY = "libc++";
				CLANG_ENABLE_MODULES = YES;
				CLANG_ENABLE_OBJC_ARC = YES;
				CLANG_WARN_BOOL_CONVERSION = YES;
				CLANG_WARN_CONSTANT_CONVERSION = YES;
				CLANG_WARN_DIRECT_OBJC_ISA_USAGE = YES_ERROR;
				CLANG_WARN_EMPTY_BODY = YES;
				CLANG_WARN_ENUM_CONVERSION = YES;
				CLANG_WARN_INT_CONVERSION = YES;
				CLANG_WARN_OBJC_ROOT_CLASS = YES_ERROR;
				CLANG_WARN_UNREACHABLE_CODE = YES;
				CLANG_WARN__DUPLICATE_METHOD_MATCH = YES;
				COPY_PHASE_STRIP = NO;
				ENABLE_STRICT_OBJC_MSGSEND = YES;
				GCC_C_LANGUAGE_STANDARD = gnu99;
				GCC_DYNAMIC_NO_PIC = NO;
				GCC_OPTIMIZATION_LEVEL = 0;
				GCC_PREPROCESSOR_DEFINITIONS = (
					"DEBUG=1",
					"$(inherited)",
				);
				GCC_SYMBOLS_PRIVATE_EXTERN = NO;
				GCC_WARN_64_TO_32_BIT_CONVERSION = YES;
				GCC_WARN_ABOUT_RETURN_TYPE = YES_ERROR;
				GCC_WARN_UNDECLARED_SELECTOR = YES;
				GCC_WARN_UNINITIALIZED_AUTOS = YES_AGGRESSIVE;
				GCC_WARN_UNUSED_FUNCTION = YES;
				GCC_WARN_UNUSED_VARIABLE = YES;
				MACOSX_DEPLOYMENT_TARGET = 10.9;
				MTL_ENABLE_DEBUG_INFO = YES;
				ONLY_ACTIVE_ARCH = YES;
				SDKROOT = macosx;
				SWIFT_OPTIMIZATION_LEVEL = "-Onone";
			};
			name = Debug;
		};
		3C23A6FE1A2F1D4300F6F55C /* Release */ = {
			isa = XCBuildConfiguration;
			buildSettings = {
				ALWAYS_SEARCH_USER_PATHS = NO;
				CLANG_CXX_LANGUAGE_STANDARD = "gnu++0x";
				CLANG_CXX_LIBRARY = "libc++";
				CLANG_ENABLE_MODULES = YES;
				CLANG_ENABLE_OBJC_ARC = YES;
				CLANG_WARN_BOOL_CONVERSION = YES;
				CLANG_WARN_CONSTANT_CONVERSION = YES;
				CLANG_WARN_DIRECT_OBJC_ISA_USAGE = YES_ERROR;
				CLANG_WARN_EMPTY_BODY = YES;
				CLANG_WARN_ENUM_CONVERSION = YES;
				CLANG_WARN_INT_CONVERSION = YES;
				CLANG_WARN_OBJC_ROOT_CLASS = YES_ERROR;
				CLANG_WARN_UNREACHABLE_CODE = YES;
				CLANG_WARN__DUPLICATE_METHOD_MATCH = YES;
				COPY_PHASE_STRIP = YES;
				DEBUG_INFORMATION_FORMAT = "dwarf-with-dsym";
				ENABLE_NS_ASSERTIONS = NO;
				ENABLE_STRICT_OBJC_MSGSEND = YES;
				GCC_C_LANGUAGE_STANDARD = gnu99;
				GCC_WARN_64_TO_32_BIT_CONVERSION = YES;
				GCC_WARN_ABOUT_RETURN_TYPE = YES_ERROR;
				GCC_WARN_UNDECLARED_SELECTOR = YES;
				GCC_WARN_UNINITIALIZED_AUTOS = YES_AGGRESSIVE;
				GCC_WARN_UNUSED_FUNCTION = YES;
				GCC_WARN_UNUSED_VARIABLE = YES;
				MACOSX_DEPLOYMENT_TARGET = 10.9;
				MTL_ENABLE_DEBUG_INFO = NO;
				SDKROOT = macosx;
			};
			name = Release;
		};
		3C23A7001A2F1D4300F6F55C /* Debug */ = {
			isa = XCBuildConfiguration;
			buildSettings = {
				PRODUCT_NAME = "$(TARGET_NAME)";
			};
			name = Debug;
		};
		3C23A7011A2F1D4300F6F55C /* Release */ = {
			isa = XCBuildConfiguration;
			buildSettings = {
				PRODUCT_NAME = "$(TARGET_NAME)";
			};
			name = Release;
		};
/* End XCBuildConfiguration section */

/* Begin XCConfigurationList section */
		3C23A6F31A2F1D4200F6F55C /* Build configuration list for PBXProject "CallByReference" */ = {
			isa = XCConfigurationList;
			buildConfigurations = (
				3C23A6FD1A2F1D4300F6F55C /* Debug */,
				3C23A6FE1A2F1D4300F6F55C /* Release */,
			);
			defaultConfigurationIsVisible = 0;
			defaultConfigurationName = Release;
		};
		3C23A6FF1A2F1D4300F6F55C /* Build configuration list for PBXNativeTarget "CallByReference" */ = {
			isa = XCConfigurationList;
			buildConfigurations = (
				3C23A7001A2F1D4300F6F55C /* Debug */,
				3C23A7011A2F1D4300F6F55C /* Release */,
			);
			defaultConfigurationIsVisible = 0;
		};
/* End XCConfigurationList section */
	};
	rootObject = 3C23A6F01A2F1D4200F6F55C /* Project object */;
}
