// !$*UTF8*$!
{
	archiveVersion = 1;
	classes = {
	};
	objectVersion = 46;
	objects = {

/* Begin PBXBuildFile section */
		3938A5241A6FD75200D7A074 /* AppDelegate.m in Sources */ = {isa = PBXBuildFile; fileRef = 3938A5231A6FD75200D7A074 /* AppDelegate.m */; };
		3938A5261A6FD75200D7A074 /* main.m in Sources */ = {isa = PBXBuildFile; fileRef = 3938A5251A6FD75200D7A074 /* main.m */; };
		3938A5281A6FD75200D7A074 /* Images.xcassets in Resources */ = {isa = PBXBuildFile; fileRef = 3938A5271A6FD75200D7A074 /* Images.xcassets */; };
		3938A52B1A6FD75300D7A074 /* MainMenu.xib in Resources */ = {isa = PBXBuildFile; fileRef = 3938A5291A6FD75300D7A074 /* MainMenu.xib */; };
		3938A5371A6FD75300D7A074 /* objc_performanceTests.m in Sources */ = {isa = PBXBuildFile; fileRef = 3938A5361A6FD75300D7A074 /* objc_performanceTests.m */; };
/* End PBXBuildFile section */

/* Begin PBXContainerItemProxy section */
		3938A5311A6FD75300D7A074 /* PBXContainerItemProxy */ = {
			isa = PBXContainerItemProxy;
			containerPortal = 3938A5151A6FD75200D7A074 /* Project object */;
			proxyType = 1;
			remoteGlobalIDString = 3938A51C1A6FD75200D7A074;
			remoteInfo = objc_performance;
		};
/* End PBXContainerItemProxy section */

/* Begin PBXFileReference section */
		3938A51D1A6FD75200D7A074 /* objc_performance.app */ = {isa = PBXFileReference; explicitFileType = wrapper.application; includeInIndex = 0; path = objc_performance.app; sourceTree = BUILT_PRODUCTS_DIR; };
		3938A5211A6FD75200D7A074 /* Info.plist */ = {isa = PBXFileReference; lastKnownFileType = text.plist.xml; path = Info.plist; sourceTree = "<group>"; };
		3938A5221A6FD75200D7A074 /* AppDelegate.h */ = {isa = PBXFileReference; lastKnownFileType = sourcecode.c.h; path = AppDelegate.h; sourceTree = "<group>"; };
		3938A5231A6FD75200D7A074 /* AppDelegate.m */ = {isa = PBXFileReference; lastKnownFileType = sourcecode.c.objc; path = AppDelegate.m; sourceTree = "<group>"; };
		3938A5251A6FD75200D7A074 /* main.m */ = {isa = PBXFileReference; lastKnownFileType = sourcecode.c.objc; path = main.m; sourceTree = "<group>"; };
		3938A5271A6FD75200D7A074 /* Images.xcassets */ = {isa = PBXFileReference; lastKnownFileType = folder.assetcatalog; path = Images.xcassets; sourceTree = "<group>"; };
		3938A52A1A6FD75300D7A074 /* Base */ = {isa = PBXFileReference; lastKnownFileType = file.xib; name = Base; path = Base.lproj/MainMenu.xib; sourceTree = "<group>"; };
		3938A5301A6FD75300D7A074 /* objc_performanceTests.xctest */ = {isa = PBXFileReference; explicitFileType = wrapper.cfbundle; includeInIndex = 0; path = objc_performanceTests.xctest; sourceTree = BUILT_PRODUCTS_DIR; };
		3938A5351A6FD75300D7A074 /* Info.plist */ = {isa = PBXFileReference; lastKnownFileType = text.plist.xml; path = Info.plist; sourceTree = "<group>"; };
		3938A5361A6FD75300D7A074 /* objc_performanceTests.m */ = {isa = PBXFileReference; lastKnownFileType = sourcecode.c.objc; path = objc_performanceTests.m; sourceTree = "<group>"; };
/* End PBXFileReference section */

/* Begin PBXFrameworksBuildPhase section */
		3938A51A1A6FD75200D7A074 /* Frameworks */ = {
			isa = PBXFrameworksBuildPhase;
			buildActionMask = 2147483647;
			files = (
			);
			runOnlyForDeploymentPostprocessing = 0;
		};
		3938A52D1A6FD75300D7A074 /* Frameworks */ = {
			isa = PBXFrameworksBuildPhase;
			buildActionMask = 2147483647;
			files = (
			);
			runOnlyForDeploymentPostprocessing = 0;
		};
/* End PBXFrameworksBuildPhase section */

/* Begin PBXGroup section */
		3938A5141A6FD75200D7A074 = {
			isa = PBXGroup;
			children = (
				3938A51F1A6FD75200D7A074 /* objc_performance */,
				3938A5331A6FD75300D7A074 /* objc_performanceTests */,
				3938A51E1A6FD75200D7A074 /* Products */,
			);
			sourceTree = "<group>";
		};
		3938A51E1A6FD75200D7A074 /* Products */ = {
			isa = PBXGroup;
			children = (
				3938A51D1A6FD75200D7A074 /* objc_performance.app */,
				3938A5301A6FD75300D7A074 /* objc_performanceTests.xctest */,
			);
			name = Products;
			sourceTree = "<group>";
		};
		3938A51F1A6FD75200D7A074 /* objc_performance */ = {
			isa = PBXGroup;
			children = (
				3938A5221A6FD75200D7A074 /* AppDelegate.h */,
				3938A5231A6FD75200D7A074 /* AppDelegate.m */,
				3938A5271A6FD75200D7A074 /* Images.xcassets */,
				3938A5291A6FD75300D7A074 /* MainMenu.xib */,
				3938A5201A6FD75200D7A074 /* Supporting Files */,
			);
			path = objc_performance;
			sourceTree = "<group>";
		};
		3938A5201A6FD75200D7A074 /* Supporting Files */ = {
			isa = PBXGroup;
			children = (
				3938A5211A6FD75200D7A074 /* Info.plist */,
				3938A5251A6FD75200D7A074 /* main.m */,
			);
			name = "Supporting Files";
			sourceTree = "<group>";
		};
		3938A5331A6FD75300D7A074 /* objc_performanceTests */ = {
			isa = PBXGroup;
			children = (
				3938A5361A6FD75300D7A074 /* objc_performanceTests.m */,
				3938A5341A6FD75300D7A074 /* Supporting Files */,
			);
			path = objc_performanceTests;
			sourceTree = "<group>";
		};
		3938A5341A6FD75300D7A074 /* Supporting Files */ = {
			isa = PBXGroup;
			children = (
				3938A5351A6FD75300D7A074 /* Info.plist */,
			);
			name = "Supporting Files";
			sourceTree = "<group>";
		};
/* End PBXGroup section */

/* Begin PBXNativeTarget section */
		3938A51C1A6FD75200D7A074 /* objc_performance */ = {
			isa = PBXNativeTarget;
			buildConfigurationList = 3938A53A1A6FD75300D7A074 /* Build configuration list for PBXNativeTarget "objc_performance" */;
			buildPhases = (
				3938A5191A6FD75200D7A074 /* Sources */,
				3938A51A1A6FD75200D7A074 /* Frameworks */,
				3938A51B1A6FD75200D7A074 /* Resources */,
			);
			buildRules = (
			);
			dependencies = (
			);
			name = objc_performance;
			productName = objc_performance;
			productReference = 3938A51D1A6FD75200D7A074 /* objc_performance.app */;
			productType = "com.apple.product-type.application";
		};
		3938A52F1A6FD75300D7A074 /* objc_performanceTests */ = {
			isa = PBXNativeTarget;
			buildConfigurationList = 3938A53D1A6FD75300D7A074 /* Build configuration list for PBXNativeTarget "objc_performanceTests" */;
			buildPhases = (
				3938A52C1A6FD75300D7A074 /* Sources */,
				3938A52D1A6FD75300D7A074 /* Frameworks */,
				3938A52E1A6FD75300D7A074 /* Resources */,
			);
			buildRules = (
			);
			dependencies = (
				3938A5321A6FD75300D7A074 /* PBXTargetDependency */,
			);
			name = objc_performanceTests;
			productName = objc_performanceTests;
			productReference = 3938A5301A6FD75300D7A074 /* objc_performanceTests.xctest */;
			productType = "com.apple.product-type.bundle.unit-test";
		};
/* End PBXNativeTarget section */

/* Begin PBXProject section */
		3938A5151A6FD75200D7A074 /* Project object */ = {
			isa = PBXProject;
			attributes = {
				LastUpgradeCheck = 0610;
				ORGANIZATIONNAME = "Patrick Englert";
				TargetAttributes = {
					3938A51C1A6FD75200D7A074 = {
						CreatedOnToolsVersion = 6.1;
					};
					3938A52F1A6FD75300D7A074 = {
						CreatedOnToolsVersion = 6.1;
						TestTargetID = 3938A51C1A6FD75200D7A074;
					};
				};
			};
			buildConfigurationList = 3938A5181A6FD75200D7A074 /* Build configuration list for PBXProject "objc_performance" */;
			compatibilityVersion = "Xcode 3.2";
			developmentRegion = English;
			hasScannedForEncodings = 0;
			knownRegions = (
				en,
				Base,
			);
			mainGroup = 3938A5141A6FD75200D7A074;
			productRefGroup = 3938A51E1A6FD75200D7A074 /* Products */;
			projectDirPath = "";
			projectRoot = "";
			targets = (
				3938A51C1A6FD75200D7A074 /* objc_performance */,
				3938A52F1A6FD75300D7A074 /* objc_performanceTests */,
			);
		};
/* End PBXProject section */

/* Begin PBXResourcesBuildPhase section */
		3938A51B1A6FD75200D7A074 /* Resources */ = {
			isa = PBXResourcesBuildPhase;
			buildActionMask = 2147483647;
			files = (
				3938A5281A6FD75200D7A074 /* Images.xcassets in Resources */,
				3938A52B1A6FD75300D7A074 /* MainMenu.xib in Resources */,
			);
			runOnlyForDeploymentPostprocessing = 0;
		};
		3938A52E1A6FD75300D7A074 /* Resources */ = {
			isa = PBXResourcesBuildPhase;
			buildActionMask = 2147483647;
			files = (
			);
			runOnlyForDeploymentPostprocessing = 0;
		};
/* End PBXResourcesBuildPhase section */

/* Begin PBXSourcesBuildPhase section */
		3938A5191A6FD75200D7A074 /* Sources */ = {
			isa = PBXSourcesBuildPhase;
			buildActionMask = 2147483647;
			files = (
				3938A5261A6FD75200D7A074 /* main.m in Sources */,
				3938A5241A6FD75200D7A074 /* AppDelegate.m in Sources */,
			);
			runOnlyForDeploymentPostprocessing = 0;
		};
		3938A52C1A6FD75300D7A074 /* Sources */ = {
			isa = PBXSourcesBuildPhase;
			buildActionMask = 2147483647;
			files = (
				3938A5371A6FD75300D7A074 /* objc_performanceTests.m in Sources */,
			);
			runOnlyForDeploymentPostprocessing = 0;
		};
/* End PBXSourcesBuildPhase section */

/* Begin PBXTargetDependency section */
		3938A5321A6FD75300D7A074 /* PBXTargetDependency */ = {
			isa = PBXTargetDependency;
			target = 3938A51C1A6FD75200D7A074 /* objc_performance */;
			targetProxy = 3938A5311A6FD75300D7A074 /* PBXContainerItemProxy */;
		};
/* End PBXTargetDependency section */

/* Begin PBXVariantGroup section */
		3938A5291A6FD75300D7A074 /* MainMenu.xib */ = {
			isa = PBXVariantGroup;
			children = (
				3938A52A1A6FD75300D7A074 /* Base */,
			);
			name = MainMenu.xib;
			sourceTree = "<group>";
		};
/* End PBXVariantGroup section */

/* Begin XCBuildConfiguration section */
		3938A5381A6FD75300D7A074 /* Debug */ = {
			isa = XCBuildConfiguration;
			buildSettings = {
				ALWAYS_SEARCH_USER_PATHS = NO;
				CLANG_CXX_LANGUAGE_STANDARD = "gnu++0x";
				CLANG_CXX_LIBRARY = "libc++";
				CLANG_ENABLE_MODULES = YES;
				CLANG_ENABLE_OBJC_ARC = YES;
				CLANG_WARN_BOOL_CONVERSION = YES;
				CLANG_WARN_CONSTANT_CONVERSION = YES;
				CLANG_WARN_DIRECT_OBJC_ISA_USAGE = YES_ERROR;
				CLANG_WARN_EMPTY_BODY = YES;
				CLANG_WARN_ENUM_CONVERSION = YES;
				CLANG_WARN_INT_CONVERSION = YES;
				CLANG_WARN_OBJC_ROOT_CLASS = YES_ERROR;
				CLANG_WARN_UNREACHABLE_CODE = YES;
				CLANG_WARN__DUPLICATE_METHOD_MATCH = YES;
				CODE_SIGN_IDENTITY = "-";
				COPY_PHASE_STRIP = NO;
				ENABLE_STRICT_OBJC_MSGSEND = YES;
				GCC_C_LANGUAGE_STANDARD = gnu99;
				GCC_DYNAMIC_NO_PIC = NO;
				GCC_OPTIMIZATION_LEVEL = 0;
				GCC_PREPROCESSOR_DEFINITIONS = (
					"DEBUG=1",
					"$(inherited)",
				);
				GCC_SYMBOLS_PRIVATE_EXTERN = NO;
				GCC_WARN_64_TO_32_BIT_CONVERSION = YES;
				GCC_WARN_ABOUT_RETURN_TYPE = YES_ERROR;
				GCC_WARN_UNDECLARED_SELECTOR = YES;
				GCC_WARN_UNINITIALIZED_AUTOS = YES_AGGRESSIVE;
				GCC_WARN_UNUSED_FUNCTION = YES;
				GCC_WARN_UNUSED_VARIABLE = YES;
				MACOSX_DEPLOYMENT_TARGET = 10.9;
				MTL_ENABLE_DEBUG_INFO = YES;
				ONLY_ACTIVE_ARCH = YES;
				SDKROOT = macosx;
			};
			name = Debug;
		};
		3938A5391A6FD75300D7A074 /* Release */ = {
			isa = XCBuildConfiguration;
			buildSettings = {
				ALWAYS_SEARCH_USER_PATHS = NO;
				CLANG_CXX_LANGUAGE_STANDARD = "gnu++0x";
				CLANG_CXX_LIBRARY = "libc++";
				CLANG_ENABLE_MODULES = YES;
				CLANG_ENABLE_OBJC_ARC = YES;
				CLANG_WARN_BOOL_CONVERSION = YES;
				CLANG_WARN_CONSTANT_CONVERSION = YES;
				CLANG_WARN_DIRECT_OBJC_ISA_USAGE = YES_ERROR;
				CLANG_WARN_EMPTY_BODY = YES;
				CLANG_WARN_ENUM_CONVERSION = YES;
				CLANG_WARN_INT_CONVERSION = YES;
				CLANG_WARN_OBJC_ROOT_CLASS = YES_ERROR;
				CLANG_WARN_UNREACHABLE_CODE = YES;
				CLANG_WARN__DUPLICATE_METHOD_MATCH = YES;
				CODE_SIGN_IDENTITY = "-";
				COPY_PHASE_STRIP = YES;
				DEBUG_INFORMATION_FORMAT = "dwarf-with-dsym";
				ENABLE_NS_ASSERTIONS = NO;
				ENABLE_STRICT_OBJC_MSGSEND = YES;
				GCC_C_LANGUAGE_STANDARD = gnu99;
				GCC_WARN_64_TO_32_BIT_CONVERSION = YES;
				GCC_WARN_ABOUT_RETURN_TYPE = YES_ERROR;
				GCC_WARN_UNDECLARED_SELECTOR = YES;
				GCC_WARN_UNINITIALIZED_AUTOS = YES_AGGRESSIVE;
				GCC_WARN_UNUSED_FUNCTION = YES;
				GCC_WARN_UNUSED_VARIABLE = YES;
				MACOSX_DEPLOYMENT_TARGET = 10.9;
				MTL_ENABLE_DEBUG_INFO = NO;
				SDKROOT = macosx;
			};
			name = Release;
		};
		3938A53B1A6FD75300D7A074 /* Debug */ = {
			isa = XCBuildConfiguration;
			buildSettings = {
				ASSETCATALOG_COMPILER_APPICON_NAME = AppIcon;
				COMBINE_HIDPI_IMAGES = YES;
				INFOPLIST_FILE = objc_performance/Info.plist;
				LD_RUNPATH_SEARCH_PATHS = "$(inherited) @executable_path/../Frameworks";
				PRODUCT_NAME = "$(TARGET_NAME)";
			};
			name = Debug;
		};
		3938A53C1A6FD75300D7A074 /* Release */ = {
			isa = XCBuildConfiguration;
			buildSettings = {
				ASSETCATALOG_COMPILER_APPICON_NAME = AppIcon;
				COMBINE_HIDPI_IMAGES = YES;
				INFOPLIST_FILE = objc_performance/Info.plist;
				LD_RUNPATH_SEARCH_PATHS = "$(inherited) @executable_path/../Frameworks";
				PRODUCT_NAME = "$(TARGET_NAME)";
			};
			name = Release;
		};
		3938A53E1A6FD75300D7A074 /* Debug */ = {
			isa = XCBuildConfiguration;
			buildSettings = {
				BUNDLE_LOADER = "$(TEST_HOST)";
				COMBINE_HIDPI_IMAGES = YES;
				FRAMEWORK_SEARCH_PATHS = (
					"$(DEVELOPER_FRAMEWORKS_DIR)",
					"$(inherited)",
				);
				GCC_PREPROCESSOR_DEFINITIONS = (
					"DEBUG=1",
					"$(inherited)",
				);
				INFOPLIST_FILE = objc_performanceTests/Info.plist;
				LD_RUNPATH_SEARCH_PATHS = "$(inherited) @executable_path/../Frameworks @loader_path/../Frameworks";
				PRODUCT_NAME = "$(TARGET_NAME)";
				TEST_HOST = "$(BUILT_PRODUCTS_DIR)/objc_performance.app/Contents/MacOS/objc_performance";
			};
			name = Debug;
		};
		3938A53F1A6FD75300D7A074 /* Release */ = {
			isa = XCBuildConfiguration;
			buildSettings = {
				BUNDLE_LOADER = "$(TEST_HOST)";
				COMBINE_HIDPI_IMAGES = YES;
				FRAMEWORK_SEARCH_PATHS = (
					"$(DEVELOPER_FRAMEWORKS_DIR)",
					"$(inherited)",
				);
				INFOPLIST_FILE = objc_performanceTests/Info.plist;
				LD_RUNPATH_SEARCH_PATHS = "$(inherited) @executable_path/../Frameworks @loader_path/../Frameworks";
				PRODUCT_NAME = "$(TARGET_NAME)";
				TEST_HOST = "$(BUILT_PRODUCTS_DIR)/objc_performance.app/Contents/MacOS/objc_performance";
			};
			name = Release;
		};
/* End XCBuildConfiguration section */

/* Begin XCConfigurationList section */
		3938A5181A6FD75200D7A074 /* Build configuration list for PBXProject "objc_performance" */ = {
			isa = XCConfigurationList;
			buildConfigurations = (
				3938A5381A6FD75300D7A074 /* Debug */,
				3938A5391A6FD75300D7A074 /* Release */,
			);
			defaultConfigurationIsVisible = 0;
			defaultConfigurationName = Release;
		};
		3938A53A1A6FD75300D7A074 /* Build configuration list for PBXNativeTarget "objc_performance" */ = {
			isa = XCConfigurationList;
			buildConfigurations = (
				3938A53B1A6FD75300D7A074 /* Debug */,
				3938A53C1A6FD75300D7A074 /* Release */,
			);
			defaultConfigurationIsVisible = 0;
		};
		3938A53D1A6FD75300D7A074 /* Build configuration list for PBXNativeTarget "objc_performanceTests" */ = {
			isa = XCConfigurationList;
			buildConfigurations = (
				3938A53E1A6FD75300D7A074 /* Debug */,
				3938A53F1A6FD75300D7A074 /* Release */,
			);
			defaultConfigurationIsVisible = 0;
		};
/* End XCConfigurationList section */
	};
	rootObject = 3938A5151A6FD75200D7A074 /* Project object */;
}
